
Microsoft Visual Studio Solution File, Format Version 12.00
# Visual Studio Version 16
VisualStudioVersion = 16.0.31624.102
MinimumVisualStudioVersion = 10.0.40219.1
Project("{FAE04EC0-301F-11D3-BF4B-00C04F79EFBC}") = "Collection of objects", "Collection of objects\Collection of objects.csproj", "{611F75C8-8348-4A83-8150-FC604792C827}"
EndProject
Project("{FAE04EC0-301F-11D3-BF4B-00C04F79EFBC}") = "ClassLibrary1", "ClassLibrary1\ClassLibrary1.csproj", "{78AF732F-8653-4AB5-A91F-9A93B35F24DD}"
EndProject
Global
	GlobalSection(SolutionConfigurationPlatforms) = preSolution
		Debug|Any CPU = Debug|Any CPU
		Release|Any CPU = Release|Any CPU
	EndGlobalSection
	GlobalSection(ProjectConfigurationPlatforms) = postSolution
		{611F75C8-8348-4A83-8150-FC604792C827}.Debug|Any CPU.ActiveCfg = Debug|Any CPU
		{611F75C8-8348-4A83-8150-FC604792C827}.Debug|Any CPU.Build.0 = Debug|Any CPU
		{611F75C8-8348-4A83-8150-FC604792C827}.Release|Any CPU.ActiveCfg = Release|Any CPU
		{611F75C8-8348-4A83-8150-FC604792C827}.Release|Any CPU.Build.0 = Release|Any CPU
		{78AF732F-8653-4AB5-A91F-9A93B35F24DD}.Debug|Any CPU.ActiveCfg = Debug|Any CPU
		{78AF732F-8653-4AB5-A91F-9A93B35F24DD}.Debug|Any CPU.Build.0 = Debug|Any CPU
		{78AF732F-8653-4AB5-A91F-9A93B35F24DD}.Release|Any CPU.ActiveCfg = Release|Any CPU
		{78AF732F-8653-4AB5-A91F-9A93B35F24DD}.Release|Any CPU.Build.0 = Release|Any CPU
	EndGlobalSection
	GlobalSection(SolutionProperties) = preSolution
		HideSolutionNode = FALSE
	EndGlobalSection
	GlobalSection(ExtensibilityGlobals) = postSolution
		SolutionGuid = {C732690F-A2E3-498A-8350-C4B796B53D89}
	EndGlobalSection
EndGlobal
